// !$*UTF8*$!
{
	archiveVersion = 1;
	classes = {
	};
	objectVersion = 46;
	objects = {

/* Begin PBXBuildFile section */
		935E3B051C70E5C800E9C051 /* LoginViewController.swift in Sources */ = {isa = PBXBuildFile; fileRef = 935E3B041C70E5C800E9C051 /* LoginViewController.swift */; };
		9369A8CB1C70E13600C0E746 /* AppDelegate.swift in Sources */ = {isa = PBXBuildFile; fileRef = 9369A8CA1C70E13600C0E746 /* AppDelegate.swift */; };
		9369A8D01C70E13600C0E746 /* Main.storyboard in Resources */ = {isa = PBXBuildFile; fileRef = 9369A8CE1C70E13600C0E746 /* Main.storyboard */; };
		9369A8D21C70E13600C0E746 /* Assets.xcassets in Resources */ = {isa = PBXBuildFile; fileRef = 9369A8D11C70E13600C0E746 /* Assets.xcassets */; };
		9369A8D51C70E13600C0E746 /* LaunchScreen.storyboard in Resources */ = {isa = PBXBuildFile; fileRef = 9369A8D31C70E13600C0E746 /* LaunchScreen.storyboard */; };
		F6A0315799AEB8DED987C3DC /* libPods.a in Frameworks */ = {isa = PBXBuildFile; fileRef = 4B9365DAF22B68FC056CD816 /* libPods.a */; };
/* End PBXBuildFile section */

/* Begin PBXFileReference section */
		20ECB7522B294659CAEE5A18 /* Pods.release.xcconfig */ = {isa = PBXFileReference; includeInIndex = 1; lastKnownFileType = text.xcconfig; name = Pods.release.xcconfig; path = "Pods/Target Support Files/Pods/Pods.release.xcconfig"; sourceTree = "<group>"; };
		4B9365DAF22B68FC056CD816 /* libPods.a */ = {isa = PBXFileReference; explicitFileType = archive.ar; includeInIndex = 0; path = libPods.a; sourceTree = BUILT_PRODUCTS_DIR; };
		935E3B031C70E33E00E9C051 /* bloQueryfb-Bridging-Header.h */ = {isa = PBXFileReference; lastKnownFileType = sourcecode.c.h; path = "bloQueryfb-Bridging-Header.h"; sourceTree = "<group>"; };
		935E3B041C70E5C800E9C051 /* LoginViewController.swift */ = {isa = PBXFileReference; fileEncoding = 4; lastKnownFileType = sourcecode.swift; path = LoginViewController.swift; sourceTree = "<group>"; };
		9369A8C71C70E13600C0E746 /* bloQueryfb.app */ = {isa = PBXFileReference; explicitFileType = wrapper.application; includeInIndex = 0; path = bloQueryfb.app; sourceTree = BUILT_PRODUCTS_DIR; };
		9369A8CA1C70E13600C0E746 /* AppDelegate.swift */ = {isa = PBXFileReference; lastKnownFileType = sourcecode.swift; path = AppDelegate.swift; sourceTree = "<group>"; };
		9369A8CF1C70E13600C0E746 /* Base */ = {isa = PBXFileReference; lastKnownFileType = file.storyboard; name = Base; path = Base.lproj/Main.storyboard; sourceTree = "<group>"; };
		9369A8D11C70E13600C0E746 /* Assets.xcassets */ = {isa = PBXFileReference; lastKnownFileType = folder.assetcatalog; path = Assets.xcassets; sourceTree = "<group>"; };
		9369A8D41C70E13600C0E746 /* Base */ = {isa = PBXFileReference; lastKnownFileType = file.storyboard; name = Base; path = Base.lproj/LaunchScreen.storyboard; sourceTree = "<group>"; };
		9369A8D61C70E13600C0E746 /* Info.plist */ = {isa = PBXFileReference; lastKnownFileType = text.plist.xml; path = Info.plist; sourceTree = "<group>"; };
		DC10A445AF6C6370D7C19730 /* Pods.debug.xcconfig */ = {isa = PBXFileReference; includeInIndex = 1; lastKnownFileType = text.xcconfig; name = Pods.debug.xcconfig; path = "Pods/Target Support Files/Pods/Pods.debug.xcconfig"; sourceTree = "<group>"; };
/* End PBXFileReference section */

/* Begin PBXFrameworksBuildPhase section */
		9369A8C41C70E13600C0E746 /* Frameworks */ = {
			isa = PBXFrameworksBuildPhase;
			buildActionMask = 2147483647;
			files = (
				F6A0315799AEB8DED987C3DC /* libPods.a in Frameworks */,
			);
			runOnlyForDeploymentPostprocessing = 0;
		};
/* End PBXFrameworksBuildPhase section */

/* Begin PBXGroup section */
		33BBF88A611868A064C8FD36 /* Frameworks */ = {
			isa = PBXGroup;
			children = (
				4B9365DAF22B68FC056CD816 /* libPods.a */,
			);
			name = Frameworks;
			sourceTree = "<group>";
		};
		3D571C0AC956598C64CDAF48 /* Pods */ = {
			isa = PBXGroup;
			children = (
				DC10A445AF6C6370D7C19730 /* Pods.debug.xcconfig */,
				20ECB7522B294659CAEE5A18 /* Pods.release.xcconfig */,
			);
			name = Pods;
			sourceTree = "<group>";
		};
		935E3B011C70E1E300E9C051 /* models */ = {
			isa = PBXGroup;
			children = (
			);
			name = models;
			sourceTree = "<group>";
		};
		935E3B021C70E1EB00E9C051 /* view controllers */ = {
			isa = PBXGroup;
			children = (
				935E3B041C70E5C800E9C051 /* LoginViewController.swift */,
			);
			name = "view controllers";
			sourceTree = "<group>";
		};
		9369A8BE1C70E13600C0E746 = {
			isa = PBXGroup;
			children = (
				9369A8C91C70E13600C0E746 /* bloQueryfb */,
				9369A8C81C70E13600C0E746 /* Products */,
				3D571C0AC956598C64CDAF48 /* Pods */,
				33BBF88A611868A064C8FD36 /* Frameworks */,
			);
			sourceTree = "<group>";
		};
		9369A8C81C70E13600C0E746 /* Products */ = {
			isa = PBXGroup;
			children = (
				9369A8C71C70E13600C0E746 /* bloQueryfb.app */,
			);
			name = Products;
			sourceTree = "<group>";
		};
		9369A8C91C70E13600C0E746 /* bloQueryfb */ = {
			isa = PBXGroup;
			children = (
				935E3B021C70E1EB00E9C051 /* view controllers */,
				935E3B011C70E1E300E9C051 /* models */,
				9369A8CA1C70E13600C0E746 /* AppDelegate.swift */,
				9369A8CE1C70E13600C0E746 /* Main.storyboard */,
				9369A8D11C70E13600C0E746 /* Assets.xcassets */,
				9369A8D31C70E13600C0E746 /* LaunchScreen.storyboard */,
				9369A8D61C70E13600C0E746 /* Info.plist */,
				935E3B031C70E33E00E9C051 /* bloQueryfb-Bridging-Header.h */,
			);
			path = bloQueryfb;
			sourceTree = "<group>";
		};
/* End PBXGroup section */

/* Begin PBXNativeTarget section */
		9369A8C61C70E13600C0E746 /* bloQueryfb */ = {
			isa = PBXNativeTarget;
			buildConfigurationList = 9369A8D91C70E13600C0E746 /* Build configuration list for PBXNativeTarget "bloQueryfb" */;
			buildPhases = (
				FF8F13C6E9851248A0EEC955 /* Check Pods Manifest.lock */,
				9369A8C31C70E13600C0E746 /* Sources */,
				9369A8C41C70E13600C0E746 /* Frameworks */,
				9369A8C51C70E13600C0E746 /* Resources */,
				8906E390DD511576B1EDCB84 /* Embed Pods Frameworks */,
				15F7459858B8DD83D3315F5E /* Copy Pods Resources */,
			);
			buildRules = (
			);
			dependencies = (
			);
			name = bloQueryfb;
			productName = bloQueryfb;
			productReference = 9369A8C71C70E13600C0E746 /* bloQueryfb.app */;
			productType = "com.apple.product-type.application";
		};
/* End PBXNativeTarget section */

/* Begin PBXProject section */
		9369A8BF1C70E13600C0E746 /* Project object */ = {
			isa = PBXProject;
			attributes = {
				LastSwiftUpdateCheck = 0720;
				LastUpgradeCheck = 0720;
				ORGANIZATIONNAME = "Eric Chamberlin";
				TargetAttributes = {
					9369A8C61C70E13600C0E746 = {
						CreatedOnToolsVersion = 7.2;
					};
				};
			};
			buildConfigurationList = 9369A8C21C70E13600C0E746 /* Build configuration list for PBXProject "bloQueryfb" */;
			compatibilityVersion = "Xcode 3.2";
			developmentRegion = English;
			hasScannedForEncodings = 0;
			knownRegions = (
				en,
				Base,
			);
			mainGroup = 9369A8BE1C70E13600C0E746;
			productRefGroup = 9369A8C81C70E13600C0E746 /* Products */;
			projectDirPath = "";
			projectRoot = "";
			targets = (
				9369A8C61C70E13600C0E746 /* bloQueryfb */,
			);
		};
/* End PBXProject section */

/* Begin PBXResourcesBuildPhase section */
		9369A8C51C70E13600C0E746 /* Resources */ = {
			isa = PBXResourcesBuildPhase;
			buildActionMask = 2147483647;
			files = (
				9369A8D51C70E13600C0E746 /* LaunchScreen.storyboard in Resources */,
				9369A8D21C70E13600C0E746 /* Assets.xcassets in Resources */,
				9369A8D01C70E13600C0E746 /* Main.storyboard in Resources */,
			);
			runOnlyForDeploymentPostprocessing = 0;
		};
/* End PBXResourcesBuildPhase section */

/* Begin PBXShellScriptBuildPhase section */
		15F7459858B8DD83D3315F5E /* Copy Pods Resources */ = {
			isa = PBXShellScriptBuildPhase;
			buildActionMask = 2147483647;
			files = (
			);
			inputPaths = (
			);
			name = "Copy Pods Resources";
			outputPaths = (
			);
			runOnlyForDeploymentPostprocessing = 0;
			shellPath = /bin/sh;
			shellScript = "\"${SRCROOT}/Pods/Target Support Files/Pods/Pods-resources.sh\"\n";
			showEnvVarsInLog = 0;
		};
		8906E390DD511576B1EDCB84 /* Embed Pods Frameworks */ = {
			isa = PBXShellScriptBuildPhase;
			buildActionMask = 2147483647;
			files = (
			);
			inputPaths = (
			);
			name = "Embed Pods Frameworks";
			outputPaths = (
			);
			runOnlyForDeploymentPostprocessing = 0;
			shellPath = /bin/sh;
			shellScript = "\"${SRCROOT}/Pods/Target Support Files/Pods/Pods-frameworks.sh\"\n";
			showEnvVarsInLog = 0;
		};
		FF8F13C6E9851248A0EEC955 /* Check Pods Manifest.lock */ = {
			isa = PBXShellScriptBuildPhase;
			buildActionMask = 2147483647;
			files = (
			);
			inputPaths = (
			);
			name = "Check Pods Manifest.lock";
			outputPaths = (
			);
			runOnlyForDeploymentPostprocessing = 0;
			shellPath = /bin/sh;
			shellScript = "diff \"${PODS_ROOT}/../Podfile.lock\" \"${PODS_ROOT}/Manifest.lock\" > /dev/null\nif [[ $? != 0 ]] ; then\n    cat << EOM\nerror: The sandbox is not in sync with the Podfile.lock. Run 'pod install' or update your CocoaPods installation.\nEOM\n    exit 1\nfi\n";
			showEnvVarsInLog = 0;
		};
/* End PBXShellScriptBuildPhase section */

/* Begin PBXSourcesBuildPhase section */
		9369A8C31C70E13600C0E746 /* Sources */ = {
			isa = PBXSourcesBuildPhase;
			buildActionMask = 2147483647;
			files = (
				935E3B051C70E5C800E9C051 /* LoginViewController.swift in Sources */,
				9369A8CB1C70E13600C0E746 /* AppDelegate.swift in Sources */,
			);
			runOnlyForDeploymentPostprocessing = 0;
		};
/* End PBXSourcesBuildPhase section */

/* Begin PBXVariantGroup section */
		9369A8CE1C70E13600C0E746 /* Main.storyboard */ = {
			isa = PBXVariantGroup;
			children = (
				9369A8CF1C70E13600C0E746 /* Base */,
			);
			name = Main.storyboard;
			sourceTree = "<group>";
		};
		9369A8D31C70E13600C0E746 /* LaunchScreen.storyboard */ = {
			isa = PBXVariantGroup;
			children = (
				9369A8D41C70E13600C0E746 /* Base */,
			);
			name = LaunchScreen.storyboard;
			sourceTree = "<group>";
		};
/* End PBXVariantGroup section */

/* Begin XCBuildConfiguration section */
		9369A8D71C70E13600C0E746 /* Debug */ = {
			isa = XCBuildConfiguration;
			buildSettings = {
				ALWAYS_SEARCH_USER_PATHS = NO;
				CLANG_CXX_LANGUAGE_STANDARD = "gnu++0x";
				CLANG_CXX_LIBRARY = "libc++";
				CLANG_ENABLE_MODULES = YES;
				CLANG_ENABLE_OBJC_ARC = YES;
				CLANG_WARN_BOOL_CONVERSION = YES;
				CLANG_WARN_CONSTANT_CONVERSION = YES;
				CLANG_WARN_DIRECT_OBJC_ISA_USAGE = YES_ERROR;
				CLANG_WARN_EMPTY_BODY = YES;
				CLANG_WARN_ENUM_CONVERSION = YES;
				CLANG_WARN_INT_CONVERSION = YES;
				CLANG_WARN_OBJC_ROOT_CLASS = YES_ERROR;
				CLANG_WARN_UNREACHABLE_CODE = YES;
				CLANG_WARN__DUPLICATE_METHOD_MATCH = YES;
				"CODE_SIGN_IDENTITY[sdk=iphoneos*]" = "iPhone Developer";
				COPY_PHASE_STRIP = NO;
				DEBUG_INFORMATION_FORMAT = dwarf;
				ENABLE_STRICT_OBJC_MSGSEND = YES;
				ENABLE_TESTABILITY = YES;
				GCC_C_LANGUAGE_STANDARD = gnu99;
				GCC_DYNAMIC_NO_PIC = NO;
				GCC_NO_COMMON_BLOCKS = YES;
				GCC_OPTIMIZATION_LEVEL = 0;
				GCC_PREPROCESSOR_DEFINITIONS = (
					"DEBUG=1",
					"$(inherited)",
				);
				GCC_WARN_64_TO_32_BIT_CONVERSION = YES;
				GCC_WARN_ABOUT_RETURN_TYPE = YES_ERROR;
				GCC_WARN_UNDECLARED_SELECTOR = YES;
				GCC_WARN_UNINITIALIZED_AUTOS = YES_AGGRESSIVE;
				GCC_WARN_UNUSED_FUNCTION = YES;
				GCC_WARN_UNUSED_VARIABLE = YES;
				IPHONEOS_DEPLOYMENT_TARGET = 9.2;
				MTL_ENABLE_DEBUG_INFO = YES;
				ONLY_ACTIVE_ARCH = YES;
				SDKROOT = iphoneos;
				SWIFT_OPTIMIZATION_LEVEL = "-Onone";
				TARGETED_DEVICE_FAMILY = "1,2";
			};
			name = Debug;
		};
		9369A8D81C70E13600C0E746 /* Release */ = {
			isa = XCBuildConfiguration;
			buildSettings = {
				ALWAYS_SEARCH_USER_PATHS = NO;
				CLANG_CXX_LANGUAGE_STANDARD = "gnu++0x";
				CLANG_CXX_LIBRARY = "libc++";
				CLANG_ENABLE_MODULES = YES;
				CLANG_ENABLE_OBJC_ARC = YES;
				CLANG_WARN_BOOL_CONVERSION = YES;
				CLANG_WARN_CONSTANT_CONVERSION = YES;
				CLANG_WARN_DIRECT_OBJC_ISA_USAGE = YES_ERROR;
				CLANG_WARN_EMPTY_BODY = YES;
				CLANG_WARN_ENUM_CONVERSION = YES;
				CLANG_WARN_INT_CONVERSION = YES;
				CLANG_WARN_OBJC_ROOT_CLASS = YES_ERROR;
				CLANG_WARN_UNREACHABLE_CODE = YES;
				CLANG_WARN__DUPLICATE_METHOD_MATCH = YES;
				"CODE_SIGN_IDENTITY[sdk=iphoneos*]" = "iPhone Developer";
				COPY_PHASE_STRIP = NO;
				DEBUG_INFORMATION_FORMAT = "dwarf-with-dsym";
				ENABLE_NS_ASSERTIONS = NO;
				ENABLE_STRICT_OBJC_MSGSEND = YES;
				GCC_C_LANGUAGE_STANDARD = gnu99;
				GCC_NO_COMMON_BLOCKS = YES;
				GCC_WARN_64_TO_32_BIT_CONVERSION = YES;
				GCC_WARN_ABOUT_RETURN_TYPE = YES_ERROR;
				GCC_WARN_UNDECLARED_SELECTOR = YES;
				GCC_WARN_UNINITIALIZED_AUTOS = YES_AGGRESSIVE;
				GCC_WARN_UNUSED_FUNCTION = YES;
				GCC_WARN_UNUSED_VARIABLE = YES;
				IPHONEOS_DEPLOYMENT_TARGET = 9.2;
				MTL_ENABLE_DEBUG_INFO = NO;
				SDKROOT = iphoneos;
				TARGETED_DEVICE_FAMILY = "1,2";
				VALIDATE_PRODUCT = YES;
			};
			name = Release;
		};
		9369A8DA1C70E13600C0E746 /* Debug */ = {
			isa = XCBuildConfiguration;
			baseConfigurationReference = DC10A445AF6C6370D7C19730 /* Pods.debug.xcconfig */;
			buildSettings = {
				ASSETCATALOG_COMPILER_APPICON_NAME = AppIcon;
				INFOPLIST_FILE = bloQueryfb/Info.plist;
				LD_RUNPATH_SEARCH_PATHS = "$(inherited) @executable_path/Frameworks";
				PRODUCT_BUNDLE_IDENTIFIER = com.ericchamberlin.bloQueryfb.bloQueryfb;
				PRODUCT_NAME = "$(TARGET_NAME)";
				"SWIFT_OBJC_BRIDGING_HEADER[arch=*]" = "bloQueryfb/bloQueryfb-Bridging-Header.h";
			};
			name = Debug;
		};
		9369A8DB1C70E13600C0E746 /* Release */ = {
			isa = XCBuildConfiguration;
			baseConfigurationReference = 20ECB7522B294659CAEE5A18 /* Pods.release.xcconfig */;
			buildSettings = {
				ASSETCATALOG_COMPILER_APPICON_NAME = AppIcon;
				INFOPLIST_FILE = bloQueryfb/Info.plist;
				LD_RUNPATH_SEARCH_PATHS = "$(inherited) @executable_path/Frameworks";
				PRODUCT_BUNDLE_IDENTIFIER = com.ericchamberlin.bloQueryfb.bloQueryfb;
				PRODUCT_NAME = "$(TARGET_NAME)";
				"SWIFT_OBJC_BRIDGING_HEADER[arch=*]" = "bloQueryfb/bloQueryfb-Bridging-Header.h";
			};
			name = Release;
		};
/* End XCBuildConfiguration section */

/* Begin XCConfigurationList section */
		9369A8C21C70E13600C0E746 /* Build configuration list for PBXProject "bloQueryfb" */ = {
			isa = XCConfigurationList;
			buildConfigurations = (
				9369A8D71C70E13600C0E746 /* Debug */,
				9369A8D81C70E13600C0E746 /* Release */,
			);
			defaultConfigurationIsVisible = 0;
			defaultConfigurationName = Release;
		};
		9369A8D91C70E13600C0E746 /* Build configuration list for PBXNativeTarget "bloQueryfb" */ = {
			isa = XCConfigurationList;
			buildConfigurations = (
				9369A8DA1C70E13600C0E746 /* Debug */,
				9369A8DB1C70E13600C0E746 /* Release */,
			);
			defaultConfigurationIsVisible = 0;
			defaultConfigurationName = Release;
		};
/* End XCConfigurationList section */
	};
	rootObject = 9369A8BF1C70E13600C0E746 /* Project object */;
}
